%{
  "artificery": {:hex, :artificery, "0.4.0", "e0b8d3eb9dfe8f42c08a620f90a2aa9cef5dba9fcdfcecad5c2be451df159a77", [:mix], [], "hexpm", "2cdf0748823aa0a9a10739bbd131a2d47f4f11021ad99b5b970f738c0428dab8"},
  "base64url": {:git, "https://github.com/dvv/base64url.git", "f2c64ed8b9bebc536fad37ad97243452b674b837", [tag: "v1.0"]},
  "cache_tab": {:hex, :cache_tab, "1.0.29", "6c161988620b788d8df28c8f6af557571609c8e4b671dbadab295a4722cd501b", [:rebar3], [{:p1_utils, "1.0.23", [hex: :p1_utils, repo: "hexpm", optional: false]}], "hexpm", "a02a638021cce91ed1a8628dcbb4795bf5c01c9d11db8c613065923142824ce9"},
  "certifi": {:hex, :certifi, "2.5.1", "867ce347f7c7d78563450a18a6a28a8090331e77fa02380b4a21962a65d36ee5", [:rebar3], [{:parse_trans, "~>3.3", [hex: :parse_trans, repo: "hexpm", optional: false]}], "hexpm", "805abd97539caf89ec6d4732c91e62ba9da0cda51ac462380bbd28ee697a8c42"},
  "distillery": {:hex, :distillery, "2.0.12", "6e78fe042df82610ac3fa50bd7d2d8190ad287d120d3cd1682d83a44e8b34dfb", [:mix], [{:artificery, "~> 0.2", [hex: :artificery, repo: "hexpm", optional: false]}], "hexpm", "ad094bfbbd69a39f6118265bc7d76a56534df9af2f06aca0d3fd03e1220fbe31"},
  "earmark": {:hex, :earmark, "1.3.1", "73812f447f7a42358d3ba79283cfa3075a7580a3a2ed457616d6517ac3738cb9", [:mix], [], "hexpm", "000aaeff08919e95e7aea13e4af7b2b9734577b3e6a7c50ee31ee88cab6ec4fb"},
  "eimp": {:hex, :eimp, "1.0.10", "d7c898ef403741c2dfa45a18124effe2e9108eb95ec1c7827c7b61dbe17c6d61", [:rebar3], [{:p1_utils, "1.0.14", [hex: :p1_utils, repo: "hexpm", optional: false]}], "hexpm"},
  "epam": {:hex, :epam, "1.0.5", "9c8afa9abe2d8ce76755a2dff2dc6874f249c469189482d2af03a48639076867", [:rebar3], [], "hexpm"},
  "eredis": {:hex, :eredis, "1.1.0", "8d8d74496f35216679b97726b75fb1c8715e99dd7f3ef9f9824a2264c3e0aac0", [:rebar3], [], "hexpm"},
  "esip": {:hex, :esip, "1.0.28", "0a71e4d1b7140bbce75757243c055217380a41ea4be5f5381f36df11d58009db", [:rebar3], [{:fast_tls, "1.1.0", [hex: :fast_tls, repo: "hexpm", optional: false]}, {:p1_utils, "1.0.14", [hex: :p1_utils, repo: "hexpm", optional: false]}, {:stun, "1.0.27", [hex: :stun, repo: "hexpm", optional: false]}], "hexpm", "8db2d458d994bb4dd07411c399460ae79268686296cd50ca6e717519976bced9"},
  "ex_doc": {:hex, :ex_doc, "0.19.3", "3c7b0f02851f5fc13b040e8e925051452e41248f685e40250d7e40b07b9f8c10", [:mix], [{:earmark, "~> 1.2", [hex: :earmark, repo: "hexpm", optional: false]}, {:makeup_elixir, "~> 0.10", [hex: :makeup_elixir, repo: "hexpm", optional: false]}], "hexpm", "0e11d67e662142fc3945b0ee410c73c8c956717fbeae4ad954b418747c734973"},
  "excoveralls": {:hex, :excoveralls, "0.11.0", "1427780f327902f099ef948bbc107b06a200a14a80e5badc1f9624d0f059235f", [:mix], [{:hackney, "~> 1.0", [hex: :hackney, repo: "hexpm", optional: false]}, {:jason, "~> 1.0", [hex: :jason, repo: "hexpm", optional: false]}], "hexpm", "e5537ef6b6d85e526a0e3350082ff58970c5b48449e57f76cf79fffb71414448"},
  "ezlib": {:hex, :ezlib, "1.0.5", "671e48f13cc1c5741e4c4d3d6cb9ff66d93613bc844db779c15172394f9c9d86", [:rebar3], [], "hexpm", "4c1e980a8df4e035022aa4e86e9ad711e7d3a0abdc88fb05aa5619699a55cc21"},
  "fast_tls": {:hex, :fast_tls, "1.1.0", "68bba1eb4edcb64799b5cb5f7f09e7252174757dfb119c28f465b90c230ace93", [:rebar3], [{:p1_utils, "1.0.14", [hex: :p1_utils, repo: "hexpm", optional: false]}], "hexpm", "62e4a35b3a35891b5f7d74b827b47a3ee73fce61d5b5cad704fe5e33f7ab5e6f"},
  "fast_xml": {:hex, :fast_xml, "1.1.35", "71bf779f1ba88f65fcc4fa693f745546843295c4c386a7acb818120b1742242e", [:rebar3], [{:p1_utils, "1.0.14", [hex: :p1_utils, repo: "hexpm", optional: false]}], "hexpm", "ddef2ad97e18a1621e95d554d85e67507568a7fac6d3c7a37c77e02097fc180b"},
  "fast_yaml": {:hex, :fast_yaml, "1.0.18", "f670a4ab0d7009768177ce993959de2de800e811bd5632e7a8577a8b45266534", [:rebar3], [{:p1_utils, "1.0.14", [hex: :p1_utils, repo: "hexpm", optional: false]}], "hexpm", "abdc55eb009398a63298bde7bf582191119ff3106e62528ee459ed10585b787b"},
  "goldrush": {:hex, :goldrush, "0.1.9", "f06e5d5f1277da5c413e84d5a2924174182fb108dabb39d5ec548b27424cd106", [:rebar3], [], "hexpm", "99cb4128cffcb3227581e5d4d803d5413fa643f4eb96523f77d9e6937d994ceb"},
  "hackney": {:hex, :hackney, "1.15.1", "9f8f471c844b8ce395f7b6d8398139e26ddca9ebc171a8b91342ee15a19963f4", [:rebar3], [{:certifi, "2.5.1", [hex: :certifi, repo: "hexpm", optional: false]}, {:idna, "6.0.0", [hex: :idna, repo: "hexpm", optional: false]}, {:metrics, "1.0.1", [hex: :metrics, repo: "hexpm", optional: false]}, {:mimerl, "~>1.1", [hex: :mimerl, repo: "hexpm", optional: false]}, {:ssl_verify_fun, "1.1.4", [hex: :ssl_verify_fun, repo: "hexpm", optional: false]}], "hexpm", "c2790c9f0f7205f4a362512192dee8179097394400e745e4d20bab7226a8eaad"},
  "hamcrest": {:hex, :basho_hamcrest, "0.4.1", "fb7b2c92d252a1e9db936750b86089addaebeb8f87967fb4bbdda61e8863338e", [:make, :mix, :rebar3], [], "hexpm"},
  "iconv": {:hex, :iconv, "1.0.13", "98e723a14a1942e94cb32837ee875d145a7f2266f2c79816a54f1aa77ebff495", [:rebar3], [], "hexpm", "bcb37d52da24161f2c2beeb9234b62e76562919149cc2fc0d3537ac0cef5b977"},
  "idna": {:hex, :idna, "6.0.0", "689c46cbcdf3524c44d5f3dde8001f364cd7608a99556d8fbd8239a5798d4c10", [:rebar3], [{:unicode_util_compat, "0.4.1", [hex: :unicode_util_compat, repo: "hexpm", optional: false]}], "hexpm", "4bdd305eb64e18b0273864920695cb18d7a2021f31a11b9c5fbcd9a253f936e2"},
  "jason": {:hex, :jason, "1.1.2", "b03dedea67a99223a2eaf9f1264ce37154564de899fd3d8b9a21b1a6fd64afe7", [:mix], [{:decimal, "~> 1.0", [hex: :decimal, repo: "hexpm", optional: true]}], "hexpm", "fdf843bca858203ae1de16da2ee206f53416bbda5dc8c9e78f43243de4bc3afe"},
  "jiffy": {:hex, :jiffy, "0.14.13", "225a9a35e26417832c611526567194b4d3adc4f0dfa5f2f7008f4684076f2a01", [:rebar3], [], "hexpm", "be5f0b124d03284b79fa90e07c3cf7a04be1a6111e97e0c9059e3cc0c7aac11a"},
  "jose": {:hex, :jose, "1.9.0", "4167c5f6d06ffaebffd15cdb8da61a108445ef5e85ab8f5a7ad926fdf3ada154", [:mix, :rebar3], [{:base64url, "~> 0.0.1", [hex: :base64url, repo: "hexpm", optional: false]}], "hexpm", "6429c4fee52b2dda7861ee19a4f09c8c1ffa213bee3a1ec187828fde95d447ed"},
  "lager": {:hex, :lager, "3.6.8", "897efc7679bb82383448646c96768cdc4e747464dd18b999c7aaca485686b0da", [:rebar3], [{:goldrush, "0.1.9", [hex: :goldrush, repo: "hexpm", optional: false]}], "hexpm", "2b280ecfa56a0822d519a4b0505dc049d70269285dcd5c5700ebfda75d8eb34c"},
  "luerl": {:hex, :luerl, "0.3.1", "5412807630aac1aaf59ffe5a1bc09259c447b4faeb1d3fe2d4ef41b87676cb04", [:rebar3], [], "hexpm", "1bc011c7297e43aec762e53b17ecb15b0ff29f9546cd153110b343cf5b043f5f"},
  "makeup": {:hex, :makeup, "0.8.0", "9cf32aea71c7fe0a4b2e9246c2c4978f9070257e5c9ce6d4a28ec450a839b55f", [:mix], [{:nimble_parsec, "~> 0.5.0", [hex: :nimble_parsec, repo: "hexpm", optional: false]}], "hexpm", "5fbc8e549aa9afeea2847c0769e3970537ed302f93a23ac612602e805d9d1e7f"},
  "makeup_elixir": {:hex, :makeup_elixir, "0.13.0", "be7a477997dcac2e48a9d695ec730b2d22418292675c75aa2d34ba0909dcdeda", [:mix], [{:makeup, "~> 0.8", [hex: :makeup, repo: "hexpm", optional: false]}], "hexpm", "adf0218695e22caeda2820eaba703fa46c91820d53813a2223413da3ef4ba515"},
  "meck": {:hex, :meck, "0.8.13", "ffedb39f99b0b99703b8601c6f17c7f76313ee12de6b646e671e3188401f7866", [:rebar3], [], "hexpm", "d34f013c156db51ad57cc556891b9720e6a1c1df5fe2e15af999c84d6cebeb1a"},
  "metrics": {:hex, :metrics, "1.0.1", "25f094dea2cda98213cecc3aeff09e940299d950904393b2a29d191c346a8486", [:rebar3], [], "hexpm", "69b09adddc4f74a40716ae54d140f93beb0fb8978d8636eaded0c31b6f099f16"},
  "mimerl": {:hex, :mimerl, "1.2.0", "67e2d3f571088d5cfd3e550c383094b47159f3eee8ffa08e64106cdf5e981be3", [:rebar3], [], "hexpm", "f278585650aa581986264638ebf698f8bb19df297f66ad91b18910dfc6e19323"},
  "mqtree": {:hex, :mqtree, "1.0.2", "8c41098424b13c67bddb71c966aa19ae72209d8b8f066d0ac9157d5c2834b68b", [:rebar3], [{:p1_utils, "1.0.14", [hex: :p1_utils, repo: "hexpm", optional: false]}], "hexpm", "bc5567e4c11cf7c3a1478edd0edb58ee0eec0a8cad2273d3536c30594c3e43f3"},
  "nimble_parsec": {:hex, :nimble_parsec, "0.5.0", "90e2eca3d0266e5c53f8fbe0079694740b9c91b6747f2b7e3c5d21966bba8300", [:mix], [], "hexpm", "5c040b8469c1ff1b10093d3186e2e10dbe483cd73d79ec017993fb3985b8a9b3"},
  "p1_mysql": {:hex, :p1_mysql, "1.0.9", "43ca869d3797b0248630cac0e05042e5e1b77d5cc3164206b10079c8d9182e0e", [:rebar3], [], "hexpm", "5b9a2972b4e73b3f4b7e570868858ccd7656f8d7572f68f28a1f5ca65cb1a5d1"},
  "p1_oauth2": {:hex, :p1_oauth2, "0.6.4", "7898999a940814707a26a5b113f39ff1b1fd7f6ea3d31fcd414cd765b2f1fd28", [:rebar3], [], "hexpm", "18102c0d56c5c2fbf1a244b2e20efb996cfda2a53329423fbbe4245d361c0a5e"},
  "p1_pgsql": {:hex, :p1_pgsql, "1.1.7", "ef64d34adbbe08258cc10b1532649446d8c086ff8663d44f430d837ec31a89f8", [:rebar3], [], "hexpm", "099894468eaa49510b8fd2e9d300dc7ff0cf54bb18a1e90b0a406cc3e2192c44"},
  "p1_utils": {:hex, :p1_utils, "1.0.24", "9debe3626f8041d20e13098526b95a144239ac2fd4afc88bcf09db6a5d0dcc35", [:rebar3], [], "hexpm", "c913e237cca316193e243b6bb06f01f8189a38aad7824fba0c7acaa8fb9d7cb6"},
  "parse_trans": {:hex, :parse_trans, "3.3.0", "09765507a3c7590a784615cfd421d101aec25098d50b89d7aa1d66646bc571c1", [:rebar3], [], "hexpm", "17ef63abde837ad30680ea7f857dd9e7ced9476cdd7b0394432af4bfc241b960"},
  "pkix": {:hex, :pkix, "1.0.1", "e1f6f9418bd871db842f31e96c7e1ecfcc7f8c4868f5bd384a8a24de9be5d3a1", [:rebar3], [], "hexpm", "7d6322660382198435a8951e86a63f710d9fe1330171ce2f07680de54b9b4082"},
  "riak_pb": {:hex, :riak_pb, "2.3.2", "48ffbf66dbb3f136ab9a7134bac4e496754baa5ef58c4f50a61326736d996390", [:make, :mix, :rebar3], [{:hamcrest, "~> 0.4.1", [hex: :basho_hamcrest, repo: "hexpm", optional: false]}], "hexpm"},
  "riakc": {:hex, :riakc, "2.5.3", "6132d9e687a0dfd314b2b24c4594302ca8b55568a5d733c491d8fb6cd4004763", [:make, :mix, :rebar3], [{:riak_pb, "~> 2.3", [hex: :riak_pb, repo: "hexpm", optional: false]}], "hexpm"},
  "sqlite3": {:hex, :sqlite3, "1.1.6", "4ea71af0b45908b5f02c9b09e4c87177039ef404f20accb35049cd8924cc417c", [:rebar3], [], "hexpm"},
  "ssl_verify_fun": {:hex, :ssl_verify_fun, "1.1.4", "f0eafff810d2041e93f915ef59899c923f4568f4585904d010387ed74988e77b", [:make, :mix, :rebar3], [], "hexpm", "603561dc0fd62f4f2ea9b890f4e20e1a0d388746d6e20557cafb1b16950de88c"},
  "stringprep": {:hex, :stringprep, "1.0.15", "37cfdbfad4ff4d6cb8582f958ea105b5a86e7c97763a78cde0b7281093df06ef", [:rebar3], [{:p1_utils, "1.0.14", [hex: :p1_utils, repo: "hexpm", optional: false]}], "hexpm", "4bd362018fd961789da8b1258093187afcb2f0bb36162966c88e9fad60cc404b"},
  "stun": {:hex, :stun, "1.0.27", "37bf4e14a7aa739e5a51e9c826e9479f56dec6d1f9310348009af3ca862582fd", [:rebar3], [{:fast_tls, "1.1.0", [hex: :fast_tls, repo: "hexpm", optional: false]}, {:p1_utils, "1.0.14", [hex: :p1_utils, repo: "hexpm", optional: false]}], "hexpm", "44a89aed440b5fea6500ea4ef65514e9d4bd61d289ae13cc5bc79c6bb0c541a1"},
  "unicode_util_compat": {:hex, :unicode_util_compat, "0.4.1", "d869e4c68901dd9531385bb0c8c40444ebf624e60b6962d95952775cac5e90cd", [:rebar3], [], "hexpm", "1d1848c40487cdb0b30e8ed975e34e025860c02e419cb615d255849f3427439d"},
  "xmpp": {:hex, :xmpp, "1.3.2", "db2996fa0aa15cb28775faa15fd7d53a6616b6dbddd569dce0da37d763ff8532", [:rebar3], [{:ezlib, "1.0.5", [hex: :ezlib, repo: "hexpm", optional: false]}, {:fast_tls, "1.1.0", [hex: :fast_tls, repo: "hexpm", optional: false]}, {:fast_xml, "1.1.35", [hex: :fast_xml, repo: "hexpm", optional: false]}, {:p1_utils, "1.0.14", [hex: :p1_utils, repo: "hexpm", optional: false]}, {:stringprep, "1.0.15", [hex: :stringprep, repo: "hexpm", optional: false]}], "hexpm", "1d393def0e17c972a2971b42d87b4fa121ee5008775379f1b12daa698554fd44"},
}
